{
    "_readme": [
        "This file locks the dependencies of your project to a known state",
        "Read more about it at https://getcomposer.org/doc/01-basic-usage.md#installing-dependencies",
        "This file is @generated automatically"
    ],
    "content-hash": "f925368e9b52b8fba4cc3938e1269f28",
    "packages": [
        {
            "name": "umpirsky/country-list",
            "version": "2.0.6",
            "source": {
                "type": "git",
                "url": "https://github.com/umpirsky/country-list.git",
                "reference": "6dddae6983c1bc4d314b513c5decb7c8c6c879dc"
            },
            "dist": {
                "type": "zip",
                "url": "https://api.github.com/repos/umpirsky/country-list/zipball/6dddae6983c1bc4d314b513c5decb7c8c6c879dc",
                "reference": "6dddae6983c1bc4d314b513c5decb7c8c6c879dc",
                "shasum": ""
            },
            "require": {
                "php": "^7.0 || ^8.0"
            },
            "require-dev": {
                "slowprog/composer-copy-file": "^0.2",
                "symfony/intl": "^4.3",
                "umpirsky/list-generator": "^1.2"
            },
            "type": "library",
            "extra": {
                "copy-file": {
                    "vendor/umpirsky/list-generator/Dockerfile": "./",
                    "vendor/umpirsky/list-generator/docker-compose.yml": "./"
                }
            },
            "notification-url": "https://packagist.org/downloads/",
            "license": [
                "MIT"
            ],
            "authors": [
                {
                    "name": "Saša Stamenković",
                    "email": "umpirsky@gmail.com"
                }
            ],
            "description": "List of all countries with names and ISO 3166-1 codes in all languages and data formats.",
            "support": {
                "issues": "https://github.com/umpirsky/country-list/issues",
                "source": "https://github.com/umpirsky/country-list/tree/2.0.6"
            },
            "time": "2020-12-03T10:09:09+00:00"
        }
    ],
    "packages-dev": [],
    "aliases": [],
    "minimum-stability": "stable",
    "stability-flags": [],
    "prefer-stable": false,
    "prefer-lowest": false,
    "platform": [],
    "platform-dev": [],
    "plugin-api-version": "2.2.0"
}
